
Microsoft Visual Studio Solution File, Format Version 12.00
# Visual Studio Version 16
VisualStudioVersion = 16.0.31321.278
MinimumVisualStudioVersion = 10.0.40219.1
Project("{FAE04EC0-301F-11D3-BF4B-00C04F79EFBC}") = "main", "main\main.csproj", "{B14806B4-A9ED-41C1-A92C-28E5898CA7BA}"
EndProject
Global
	GlobalSection(SolutionConfigurationPlatforms) = preSolution
		Debug|Any CPU = Debug|Any CPU
		Release|Any CPU = Release|Any CPU
	EndGlobalSection
	GlobalSection(ProjectConfigurationPlatforms) = postSolution
		{B14806B4-A9ED-41C1-A92C-28E5898CA7BA}.Debug|Any CPU.ActiveCfg = Debug|Any CPU
		{B14806B4-A9ED-41C1-A92C-28E5898CA7BA}.Debug|Any CPU.Build.0 = Debug|Any CPU
		{B14806B4-A9ED-41C1-A92C-28E5898CA7BA}.Release|Any CPU.ActiveCfg = Release|Any CPU
		{B14806B4-A9ED-41C1-A92C-28E5898CA7BA}.Release|Any CPU.Build.0 = Release|Any CPU
	EndGlobalSection
	GlobalSection(SolutionProperties) = preSolution
		HideSolutionNode = FALSE
	EndGlobalSection
	GlobalSection(ExtensibilityGlobals) = postSolution
		SolutionGuid = {789FD4AF-1BD7-407F-8A8B-2773E889A3BD}
	EndGlobalSection
EndGlobal
